
Microsoft Visual Studio Solution File, Format Version 12.00
# Visual Studio Version 16
VisualStudioVersion = 16.0.29709.97
MinimumVisualStudioVersion = 10.0.40219.1
Project("{9A19103F-16F7-4668-BE54-9A1E7A4F7556}") = "WebDirStat", "Web\WebDirStat.csproj", "{D127DDF5-A989-4C3B-9531-4243FB553AC7}"
EndProject
Project("{FAE04EC0-301F-11D3-BF4B-00C04F79EFBC}") = "Console", "Console\Console.csproj", "{C567CE1C-433B-4A8B-B2C0-3FEA7EA16B57}"
EndProject
Global
	GlobalSection(SolutionConfigurationPlatforms) = preSolution
		Debug|Any CPU = Debug|Any CPU
		Release|Any CPU = Release|Any CPU
	EndGlobalSection
	GlobalSection(ProjectConfigurationPlatforms) = postSolution
		{D127DDF5-A989-4C3B-9531-4243FB553AC7}.Debug|Any CPU.ActiveCfg = Debug|Any CPU
		{D127DDF5-A989-4C3B-9531-4243FB553AC7}.Debug|Any CPU.Build.0 = Debug|Any CPU
		{D127DDF5-A989-4C3B-9531-4243FB553AC7}.Release|Any CPU.ActiveCfg = Release|Any CPU
		{D127DDF5-A989-4C3B-9531-4243FB553AC7}.Release|Any CPU.Build.0 = Release|Any CPU
		{C567CE1C-433B-4A8B-B2C0-3FEA7EA16B57}.Debug|Any CPU.ActiveCfg = Debug|Any CPU
		{C567CE1C-433B-4A8B-B2C0-3FEA7EA16B57}.Debug|Any CPU.Build.0 = Debug|Any CPU
		{C567CE1C-433B-4A8B-B2C0-3FEA7EA16B57}.Release|Any CPU.ActiveCfg = Release|Any CPU
		{C567CE1C-433B-4A8B-B2C0-3FEA7EA16B57}.Release|Any CPU.Build.0 = Release|Any CPU
	EndGlobalSection
	GlobalSection(SolutionProperties) = preSolution
		HideSolutionNode = FALSE
	EndGlobalSection
	GlobalSection(ExtensibilityGlobals) = postSolution
		SolutionGuid = {8CF07699-A568-4B6D-89F2-02134A660B13}
	EndGlobalSection
EndGlobal
